// !$*UTF8*$!
{
	archiveVersion = 1;
	classes = {
	};
	objectVersion = 51;
	objects = {

/* Begin PBXBuildFile section */
		81C9974825733B270041D063 /* AppDelegate.swift in Sources */ = {isa = PBXBuildFile; fileRef = 81C9974725733B270041D063 /* AppDelegate.swift */; };
		81C9974A25733B270041D063 /* SceneDelegate.swift in Sources */ = {isa = PBXBuildFile; fileRef = 81C9974925733B270041D063 /* SceneDelegate.swift */; };
		81C9974C25733B270041D063 /* ViewController.swift in Sources */ = {isa = PBXBuildFile; fileRef = 81C9974B25733B270041D063 /* ViewController.swift */; };
		81C9974F25733B270041D063 /* Main.storyboard in Resources */ = {isa = PBXBuildFile; fileRef = 81C9974D25733B270041D063 /* Main.storyboard */; };
		81C9975125733B2B0041D063 /* Assets.xcassets in Resources */ = {isa = PBXBuildFile; fileRef = 81C9975025733B2B0041D063 /* Assets.xcassets */; };
		81C9975425733B2B0041D063 /* LaunchScreen.storyboard in Resources */ = {isa = PBXBuildFile; fileRef = 81C9975225733B2B0041D063 /* LaunchScreen.storyboard */; };
		81C9975E25733FE40041D063 /* LoginViewController.swift in Sources */ = {isa = PBXBuildFile; fileRef = 81C9975D25733FE40041D063 /* LoginViewController.swift */; };
		81C99777257347F70041D063 /* GoogleService-Info.plist in Resources */ = {isa = PBXBuildFile; fileRef = 81C99776257347F70041D063 /* GoogleService-Info.plist */; };
		81C997A525737E470041D063 /* CheckViewController.swift in Sources */ = {isa = PBXBuildFile; fileRef = 81C997A425737E470041D063 /* CheckViewController.swift */; };
		81C997A9257382100041D063 /* AnswersModel.swift in Sources */ = {isa = PBXBuildFile; fileRef = 81C997A8257382100041D063 /* AnswersModel.swift */; };
		B682615A4832E90F50635749 /* Pods_Swift6Firestore1.framework in Frameworks */ = {isa = PBXBuildFile; fileRef = 4721E0F37AEF1D79A6055911 /* Pods_Swift6Firestore1.framework */; };
/* End PBXBuildFile section */

/* Begin PBXFileReference section */
		4721E0F37AEF1D79A6055911 /* Pods_Swift6Firestore1.framework */ = {isa = PBXFileReference; explicitFileType = wrapper.framework; includeInIndex = 0; path = Pods_Swift6Firestore1.framework; sourceTree = BUILT_PRODUCTS_DIR; };
		5250A80C27587D696D865A46 /* Pods-Swift6Firestore1.release.xcconfig */ = {isa = PBXFileReference; includeInIndex = 1; lastKnownFileType = text.xcconfig; name = "Pods-Swift6Firestore1.release.xcconfig"; path = "Target Support Files/Pods-Swift6Firestore1/Pods-Swift6Firestore1.release.xcconfig"; sourceTree = "<group>"; };
		81C9974425733B270041D063 /* Swift6Firestore1.app */ = {isa = PBXFileReference; explicitFileType = wrapper.application; includeInIndex = 0; path = Swift6Firestore1.app; sourceTree = BUILT_PRODUCTS_DIR; };
		81C9974725733B270041D063 /* AppDelegate.swift */ = {isa = PBXFileReference; lastKnownFileType = sourcecode.swift; path = AppDelegate.swift; sourceTree = "<group>"; };
		81C9974925733B270041D063 /* SceneDelegate.swift */ = {isa = PBXFileReference; lastKnownFileType = sourcecode.swift; path = SceneDelegate.swift; sourceTree = "<group>"; };
		81C9974B25733B270041D063 /* ViewController.swift */ = {isa = PBXFileReference; lastKnownFileType = sourcecode.swift; path = ViewController.swift; sourceTree = "<group>"; };
		81C9974E25733B270041D063 /* Base */ = {isa = PBXFileReference; lastKnownFileType = file.storyboard; name = Base; path = Base.lproj/Main.storyboard; sourceTree = "<group>"; };
		81C9975025733B2B0041D063 /* Assets.xcassets */ = {isa = PBXFileReference; lastKnownFileType = folder.assetcatalog; path = Assets.xcassets; sourceTree = "<group>"; };
		81C9975325733B2B0041D063 /* Base */ = {isa = PBXFileReference; lastKnownFileType = file.storyboard; name = Base; path = Base.lproj/LaunchScreen.storyboard; sourceTree = "<group>"; };
		81C9975525733B2B0041D063 /* Info.plist */ = {isa = PBXFileReference; lastKnownFileType = text.plist.xml; path = Info.plist; sourceTree = "<group>"; };
		81C9975D25733FE40041D063 /* LoginViewController.swift */ = {isa = PBXFileReference; lastKnownFileType = sourcecode.swift; path = LoginViewController.swift; sourceTree = "<group>"; };
		81C99776257347F70041D063 /* GoogleService-Info.plist */ = {isa = PBXFileReference; fileEncoding = 4; lastKnownFileType = text.plist.xml; path = "GoogleService-Info.plist"; sourceTree = "<group>"; };
		81C997A425737E470041D063 /* CheckViewController.swift */ = {isa = PBXFileReference; lastKnownFileType = sourcecode.swift; path = CheckViewController.swift; sourceTree = "<group>"; };
		81C997A8257382100041D063 /* AnswersModel.swift */ = {isa = PBXFileReference; lastKnownFileType = sourcecode.swift; path = AnswersModel.swift; sourceTree = "<group>"; };
		D2B8C28805B94D162CD01A18 /* Pods-Swift6Firestore1.debug.xcconfig */ = {isa = PBXFileReference; includeInIndex = 1; lastKnownFileType = text.xcconfig; name = "Pods-Swift6Firestore1.debug.xcconfig"; path = "Target Support Files/Pods-Swift6Firestore1/Pods-Swift6Firestore1.debug.xcconfig"; sourceTree = "<group>"; };
/* End PBXFileReference section */

/* Begin PBXFrameworksBuildPhase section */
		81C9974125733B270041D063 /* Frameworks */ = {
			isa = PBXFrameworksBuildPhase;
			buildActionMask = 2147483647;
			files = (
				B682615A4832E90F50635749 /* Pods_Swift6Firestore1.framework in Frameworks */,
			);
			runOnlyForDeploymentPostprocessing = 0;
		};
/* End PBXFrameworksBuildPhase section */

/* Begin PBXGroup section */
		81C9973B25733B270041D063 = {
			isa = PBXGroup;
			children = (
				81C9974625733B270041D063 /* Swift6Firestore1 */,
				81C9974525733B270041D063 /* Products */,
				F5B5C7A2A8897759C27E1A41 /* Pods */,
				D33050599B68470AAF901463 /* Frameworks */,
			);
			sourceTree = "<group>";
		};
		81C9974525733B270041D063 /* Products */ = {
			isa = PBXGroup;
			children = (
				81C9974425733B270041D063 /* Swift6Firestore1.app */,
			);
			name = Products;
			sourceTree = "<group>";
		};
		81C9974625733B270041D063 /* Swift6Firestore1 */ = {
			isa = PBXGroup;
			children = (
				81C9974725733B270041D063 /* AppDelegate.swift */,
				81C9974925733B270041D063 /* SceneDelegate.swift */,
				81C997A7257381E40041D063 /* Model */,
				81C9975C25733F6D0041D063 /* Controller */,
				81C9974D25733B270041D063 /* Main.storyboard */,
				81C9975025733B2B0041D063 /* Assets.xcassets */,
				81C9975225733B2B0041D063 /* LaunchScreen.storyboard */,
				81C99776257347F70041D063 /* GoogleService-Info.plist */,
				81C9975525733B2B0041D063 /* Info.plist */,
			);
			path = Swift6Firestore1;
			sourceTree = "<group>";
		};
		81C9975C25733F6D0041D063 /* Controller */ = {
			isa = PBXGroup;
			children = (
				81C9974B25733B270041D063 /* ViewController.swift */,
				81C9975D25733FE40041D063 /* LoginViewController.swift */,
				81C997A425737E470041D063 /* CheckViewController.swift */,
			);
			path = Controller;
			sourceTree = "<group>";
		};
		81C997A7257381E40041D063 /* Model */ = {
			isa = PBXGroup;
			children = (
				81C997A8257382100041D063 /* AnswersModel.swift */,
			);
			path = Model;
			sourceTree = "<group>";
		};
		D33050599B68470AAF901463 /* Frameworks */ = {
			isa = PBXGroup;
			children = (
				4721E0F37AEF1D79A6055911 /* Pods_Swift6Firestore1.framework */,
			);
			name = Frameworks;
			sourceTree = "<group>";
		};
		F5B5C7A2A8897759C27E1A41 /* Pods */ = {
			isa = PBXGroup;
			children = (
				D2B8C28805B94D162CD01A18 /* Pods-Swift6Firestore1.debug.xcconfig */,
				5250A80C27587D696D865A46 /* Pods-Swift6Firestore1.release.xcconfig */,
			);
			path = Pods;
			sourceTree = "<group>";
		};
/* End PBXGroup section */

/* Begin PBXNativeTarget section */
		81C9974325733B270041D063 /* Swift6Firestore1 */ = {
			isa = PBXNativeTarget;
			buildConfigurationList = 81C9975825733B2B0041D063 /* Build configuration list for PBXNativeTarget "Swift6Firestore1" */;
			buildPhases = (
				E73CFF7B2AADC9566E143F2D /* [CP] Check Pods Manifest.lock */,
				81C9974025733B270041D063 /* Sources */,
				81C9974125733B270041D063 /* Frameworks */,
				81C9974225733B270041D063 /* Resources */,
				6F896C24A899B9E691A84DAA /* [CP] Embed Pods Frameworks */,
			);
			buildRules = (
			);
			dependencies = (
			);
			name = Swift6Firestore1;
			productName = Swift6Firestore1;
			productReference = 81C9974425733B270041D063 /* Swift6Firestore1.app */;
			productType = "com.apple.product-type.application";
		};
/* End PBXNativeTarget section */

/* Begin PBXProject section */
		81C9973C25733B270041D063 /* Project object */ = {
			isa = PBXProject;
			attributes = {
				LastSwiftUpdateCheck = 1220;
				LastUpgradeCheck = 1220;
				TargetAttributes = {
					81C9974325733B270041D063 = {
						CreatedOnToolsVersion = 12.2;
					};
				};
			};
			buildConfigurationList = 81C9973F25733B270041D063 /* Build configuration list for PBXProject "Swift6Firestore1" */;
			compatibilityVersion = "Xcode 9.3";
			developmentRegion = en;
			hasScannedForEncodings = 0;
			knownRegions = (
				en,
				Base,
			);
			mainGroup = 81C9973B25733B270041D063;
			productRefGroup = 81C9974525733B270041D063 /* Products */;
			projectDirPath = "";
			projectRoot = "";
			targets = (
				81C9974325733B270041D063 /* Swift6Firestore1 */,
			);
		};
/* End PBXProject section */

/* Begin PBXResourcesBuildPhase section */
		81C9974225733B270041D063 /* Resources */ = {
			isa = PBXResourcesBuildPhase;
			buildActionMask = 2147483647;
			files = (
				81C99777257347F70041D063 /* GoogleService-Info.plist in Resources */,
				81C9975425733B2B0041D063 /* LaunchScreen.storyboard in Resources */,
				81C9975125733B2B0041D063 /* Assets.xcassets in Resources */,
				81C9974F25733B270041D063 /* Main.storyboard in Resources */,
			);
			runOnlyForDeploymentPostprocessing = 0;
		};
/* End PBXResourcesBuildPhase section */

/* Begin PBXShellScriptBuildPhase section */
		6F896C24A899B9E691A84DAA /* [CP] Embed Pods Frameworks */ = {
			isa = PBXShellScriptBuildPhase;
			buildActionMask = 2147483647;
			files = (
			);
			inputFileListPaths = (
				"${PODS_ROOT}/Target Support Files/Pods-Swift6Firestore1/Pods-Swift6Firestore1-frameworks-${CONFIGURATION}-input-files.xcfilelist",
			);
			name = "[CP] Embed Pods Frameworks";
			outputFileListPaths = (
				"${PODS_ROOT}/Target Support Files/Pods-Swift6Firestore1/Pods-Swift6Firestore1-frameworks-${CONFIGURATION}-output-files.xcfilelist",
			);
			runOnlyForDeploymentPostprocessing = 0;
			shellPath = /bin/sh;
			shellScript = "\"${PODS_ROOT}/Target Support Files/Pods-Swift6Firestore1/Pods-Swift6Firestore1-frameworks.sh\"\n";
			showEnvVarsInLog = 0;
		};
		E73CFF7B2AADC9566E143F2D /* [CP] Check Pods Manifest.lock */ = {
			isa = PBXShellScriptBuildPhase;
			buildActionMask = 2147483647;
			files = (
			);
			inputFileListPaths = (
			);
			inputPaths = (
				"${PODS_PODFILE_DIR_PATH}/Podfile.lock",
				"${PODS_ROOT}/Manifest.lock",
			);
			name = "[CP] Check Pods Manifest.lock";
			outputFileListPaths = (
			);
			outputPaths = (
				"$(DERIVED_FILE_DIR)/Pods-Swift6Firestore1-checkManifestLockResult.txt",
			);
			runOnlyForDeploymentPostprocessing = 0;
			shellPath = /bin/sh;
			shellScript = "diff \"${PODS_PODFILE_DIR_PATH}/Podfile.lock\" \"${PODS_ROOT}/Manifest.lock\" > /dev/null\nif [ $? != 0 ] ; then\n    # print error to STDERR\n    echo \"error: The sandbox is not in sync with the Podfile.lock. Run 'pod install' or update your CocoaPods installation.\" >&2\n    exit 1\nfi\n# This output is used by Xcode 'outputs' to avoid re-running this script phase.\necho \"SUCCESS\" > \"${SCRIPT_OUTPUT_FILE_0}\"\n";
			showEnvVarsInLog = 0;
		};
/* End PBXShellScriptBuildPhase section */

/* Begin PBXSourcesBuildPhase section */
		81C9974025733B270041D063 /* Sources */ = {
			isa = PBXSourcesBuildPhase;
			buildActionMask = 2147483647;
			files = (
				81C9975E25733FE40041D063 /* LoginViewController.swift in Sources */,
				81C997A9257382100041D063 /* AnswersModel.swift in Sources */,
				81C9974C25733B270041D063 /* ViewController.swift in Sources */,
				81C9974825733B270041D063 /* AppDelegate.swift in Sources */,
				81C997A525737E470041D063 /* CheckViewController.swift in Sources */,
				81C9974A25733B270041D063 /* SceneDelegate.swift in Sources */,
			);
			runOnlyForDeploymentPostprocessing = 0;
		};
/* End PBXSourcesBuildPhase section */

/* Begin PBXVariantGroup section */
		81C9974D25733B270041D063 /* Main.storyboard */ = {
			isa = PBXVariantGroup;
			children = (
				81C9974E25733B270041D063 /* Base */,
			);
			name = Main.storyboard;
			sourceTree = "<group>";
		};
		81C9975225733B2B0041D063 /* LaunchScreen.storyboard */ = {
			isa = PBXVariantGroup;
			children = (
				81C9975325733B2B0041D063 /* Base */,
			);
			name = LaunchScreen.storyboard;
			sourceTree = "<group>";
		};
/* End PBXVariantGroup section */

/* Begin XCBuildConfiguration section */
		81C9975625733B2B0041D063 /* Debug */ = {
			isa = XCBuildConfiguration;
			buildSettings = {
				ALWAYS_SEARCH_USER_PATHS = NO;
				CLANG_ANALYZER_NONNULL = YES;
				CLANG_ANALYZER_NUMBER_OBJECT_CONVERSION = YES_AGGRESSIVE;
				CLANG_CXX_LANGUAGE_STANDARD = "gnu++14";
				CLANG_CXX_LIBRARY = "libc++";
				CLANG_ENABLE_MODULES = YES;
				CLANG_ENABLE_OBJC_ARC = YES;
				CLANG_ENABLE_OBJC_WEAK = YES;
				CLANG_WARN_BLOCK_CAPTURE_AUTORELEASING = YES;
				CLANG_WARN_BOOL_CONVERSION = YES;
				CLANG_WARN_COMMA = YES;
				CLANG_WARN_CONSTANT_CONVERSION = YES;
				CLANG_WARN_DEPRECATED_OBJC_IMPLEMENTATIONS = YES;
				CLANG_WARN_DIRECT_OBJC_ISA_USAGE = YES_ERROR;
				CLANG_WARN_DOCUMENTATION_COMMENTS = YES;
				CLANG_WARN_EMPTY_BODY = YES;
				CLANG_WARN_ENUM_CONVERSION = YES;
				CLANG_WARN_INFINITE_RECURSION = YES;
				CLANG_WARN_INT_CONVERSION = YES;
				CLANG_WARN_NON_LITERAL_NULL_CONVERSION = YES;
				CLANG_WARN_OBJC_IMPLICIT_RETAIN_SELF = YES;
				CLANG_WARN_OBJC_LITERAL_CONVERSION = YES;
				CLANG_WARN_OBJC_ROOT_CLASS = YES_ERROR;
				CLANG_WARN_QUOTED_INCLUDE_IN_FRAMEWORK_HEADER = YES;
				CLANG_WARN_RANGE_LOOP_ANALYSIS = YES;
				CLANG_WARN_STRICT_PROTOTYPES = YES;
				CLANG_WARN_SUSPICIOUS_MOVE = YES;
				CLANG_WARN_UNGUARDED_AVAILABILITY = YES_AGGRESSIVE;
				CLANG_WARN_UNREACHABLE_CODE = YES;
				CLANG_WARN__DUPLICATE_METHOD_MATCH = YES;
				COPY_PHASE_STRIP = NO;
				DEBUG_INFORMATION_FORMAT = dwarf;
				ENABLE_STRICT_OBJC_MSGSEND = YES;
				ENABLE_TESTABILITY = YES;
				GCC_C_LANGUAGE_STANDARD = gnu11;
				GCC_DYNAMIC_NO_PIC = NO;
				GCC_NO_COMMON_BLOCKS = YES;
				GCC_OPTIMIZATION_LEVEL = 0;
				GCC_PREPROCESSOR_DEFINITIONS = (
					"DEBUG=1",
					"$(inherited)",
				);
				GCC_WARN_64_TO_32_BIT_CONVERSION = YES;
				GCC_WARN_ABOUT_RETURN_TYPE = YES_ERROR;
				GCC_WARN_UNDECLARED_SELECTOR = YES;
				GCC_WARN_UNINITIALIZED_AUTOS = YES_AGGRESSIVE;
				GCC_WARN_UNUSED_FUNCTION = YES;
				GCC_WARN_UNUSED_VARIABLE = YES;
				IPHONEOS_DEPLOYMENT_TARGET = 14.2;
				MTL_ENABLE_DEBUG_INFO = INCLUDE_SOURCE;
				MTL_FAST_MATH = YES;
				ONLY_ACTIVE_ARCH = YES;
				SDKROOT = iphoneos;
				SWIFT_ACTIVE_COMPILATION_CONDITIONS = DEBUG;
				SWIFT_OPTIMIZATION_LEVEL = "-Onone";
			};
			name = Debug;
		};
		81C9975725733B2B0041D063 /* Release */ = {
			isa = XCBuildConfiguration;
			buildSettings = {
				ALWAYS_SEARCH_USER_PATHS = NO;
				CLANG_ANALYZER_NONNULL = YES;
				CLANG_ANALYZER_NUMBER_OBJECT_CONVERSION = YES_AGGRESSIVE;
				CLANG_CXX_LANGUAGE_STANDARD = "gnu++14";
				CLANG_CXX_LIBRARY = "libc++";
				CLANG_ENABLE_MODULES = YES;
				CLANG_ENABLE_OBJC_ARC = YES;
				CLANG_ENABLE_OBJC_WEAK = YES;
				CLANG_WARN_BLOCK_CAPTURE_AUTORELEASING = YES;
				CLANG_WARN_BOOL_CONVERSION = YES;
				CLANG_WARN_COMMA = YES;
				CLANG_WARN_CONSTANT_CONVERSION = YES;
				CLANG_WARN_DEPRECATED_OBJC_IMPLEMENTATIONS = YES;
				CLANG_WARN_DIRECT_OBJC_ISA_USAGE = YES_ERROR;
				CLANG_WARN_DOCUMENTATION_COMMENTS = YES;
				CLANG_WARN_EMPTY_BODY = YES;
				CLANG_WARN_ENUM_CONVERSION = YES;
				CLANG_WARN_INFINITE_RECURSION = YES;
				CLANG_WARN_INT_CONVERSION = YES;
				CLANG_WARN_NON_LITERAL_NULL_CONVERSION = YES;
				CLANG_WARN_OBJC_IMPLICIT_RETAIN_SELF = YES;
				CLANG_WARN_OBJC_LITERAL_CONVERSION = YES;
				CLANG_WARN_OBJC_ROOT_CLASS = YES_ERROR;
				CLANG_WARN_QUOTED_INCLUDE_IN_FRAMEWORK_HEADER = YES;
				CLANG_WARN_RANGE_LOOP_ANALYSIS = YES;
				CLANG_WARN_STRICT_PROTOTYPES = YES;
				CLANG_WARN_SUSPICIOUS_MOVE = YES;
				CLANG_WARN_UNGUARDED_AVAILABILITY = YES_AGGRESSIVE;
				CLANG_WARN_UNREACHABLE_CODE = YES;
				CLANG_WARN__DUPLICATE_METHOD_MATCH = YES;
				COPY_PHASE_STRIP = NO;
				DEBUG_INFORMATION_FORMAT = "dwarf-with-dsym";
				ENABLE_NS_ASSERTIONS = NO;
				ENABLE_STRICT_OBJC_MSGSEND = YES;
				GCC_C_LANGUAGE_STANDARD = gnu11;
				GCC_NO_COMMON_BLOCKS = YES;
				GCC_WARN_64_TO_32_BIT_CONVERSION = YES;
				GCC_WARN_ABOUT_RETURN_TYPE = YES_ERROR;
				GCC_WARN_UNDECLARED_SELECTOR = YES;
				GCC_WARN_UNINITIALIZED_AUTOS = YES_AGGRESSIVE;
				GCC_WARN_UNUSED_FUNCTION = YES;
				GCC_WARN_UNUSED_VARIABLE = YES;
				IPHONEOS_DEPLOYMENT_TARGET = 14.2;
				MTL_ENABLE_DEBUG_INFO = NO;
				MTL_FAST_MATH = YES;
				SDKROOT = iphoneos;
				SWIFT_COMPILATION_MODE = wholemodule;
				SWIFT_OPTIMIZATION_LEVEL = "-O";
				VALIDATE_PRODUCT = YES;
			};
			name = Release;
		};
		81C9975925733B2B0041D063 /* Debug */ = {
			isa = XCBuildConfiguration;
			baseConfigurationReference = D2B8C28805B94D162CD01A18 /* Pods-Swift6Firestore1.debug.xcconfig */;
			buildSettings = {
				ASSETCATALOG_COMPILER_APPICON_NAME = AppIcon;
				ASSETCATALOG_COMPILER_GLOBAL_ACCENT_COLOR_NAME = AccentColor;
				CODE_SIGN_STYLE = Automatic;
				DEVELOPMENT_TEAM = R78LYP84FY;
				INFOPLIST_FILE = Swift6Firestore1/Info.plist;
				LD_RUNPATH_SEARCH_PATHS = (
					"$(inherited)",
					"@executable_path/Frameworks",
				);
				PRODUCT_BUNDLE_IDENTIFIER = com.yasuyama.Swift6Firestore1;
				PRODUCT_NAME = "$(TARGET_NAME)";
				SWIFT_VERSION = 5.0;
				TARGETED_DEVICE_FAMILY = "1,2";
			};
			name = Debug;
		};
		81C9975A25733B2B0041D063 /* Release */ = {
			isa = XCBuildConfiguration;
			baseConfigurationReference = 5250A80C27587D696D865A46 /* Pods-Swift6Firestore1.release.xcconfig */;
			buildSettings = {
				ASSETCATALOG_COMPILER_APPICON_NAME = AppIcon;
				ASSETCATALOG_COMPILER_GLOBAL_ACCENT_COLOR_NAME = AccentColor;
				CODE_SIGN_STYLE = Automatic;
				DEVELOPMENT_TEAM = R78LYP84FY;
				INFOPLIST_FILE = Swift6Firestore1/Info.plist;
				LD_RUNPATH_SEARCH_PATHS = (
					"$(inherited)",
					"@executable_path/Frameworks",
				);
				PRODUCT_BUNDLE_IDENTIFIER = com.yasuyama.Swift6Firestore1;
				PRODUCT_NAME = "$(TARGET_NAME)";
				SWIFT_VERSION = 5.0;
				TARGETED_DEVICE_FAMILY = "1,2";
			};
			name = Release;
		};
/* End XCBuildConfiguration section */

/* Begin XCConfigurationList section */
		81C9973F25733B270041D063 /* Build configuration list for PBXProject "Swift6Firestore1" */ = {
			isa = XCConfigurationList;
			buildConfigurations = (
				81C9975625733B2B0041D063 /* Debug */,
				81C9975725733B2B0041D063 /* Release */,
			);
			defaultConfigurationIsVisible = 0;
			defaultConfigurationName = Release;
		};
		81C9975825733B2B0041D063 /* Build configuration list for PBXNativeTarget "Swift6Firestore1" */ = {
			isa = XCConfigurationList;
			buildConfigurations = (
				81C9975925733B2B0041D063 /* Debug */,
				81C9975A25733B2B0041D063 /* Release */,
			);
			defaultConfigurationIsVisible = 0;
			defaultConfigurationName = Release;
		};
/* End XCConfigurationList section */
	};
	rootObject = 81C9973C25733B270041D063 /* Project object */;
}
